github.com/barelyhuman/go v0.1.2 h1:iYtO3U+I/AQLnCuqkYjm+p2ZXC1xhhikyS7X9qaXlDQ=
github.com/barelyhuman/go v0.1.2/go.mod h1:hox2iDYZAarjpS7jKQeYIi2F+qMA8KLMtCws++L2sSY=
github.com/dustin/go-humanize v1.0.0 h1:VSnTsYCnlFHaM2/igO1h6X3HA71jcobQuxemgkq4zYo=
github.com/dustin/go-humanize v1.0.0/go.mod h1:HtrtbFcZ19U5GC7JDqmcUSB87Iq5E25KnS6fMYU6eOk=
